
Microsoft Visual Studio Solution File, Format Version 12.00
# Visual Studio Version 16
VisualStudioVersion = 16.0.29418.71
MinimumVisualStudioVersion = 10.0.40219.1
Project("{9A19103F-16F7-4668-BE54-9A1E7A4F7556}") = "BugTracker", "BugTracker.csproj", "{9A730C03-80B6-4C09-B231-D16C7126819F}"
EndProject
Project("{FAE04EC0-301F-11D3-BF4B-00C04F79EFBC}") = "DataLibrary", "..\DataLibrary\DataLibrary.csproj", "{A1E810A0-4076-433B-A80A-B3E1503858CF}"
EndProject
Project("{00D1A9C2-B5F0-4AF3-8072-F6C62B433612}") = "MVCDemoDB", "..\MVCDemoDB\MVCDemoDB.sqlproj", "{7F7807A0-D01D-4B7B-8C2A-54572C35F023}"
EndProject
Project("{00D1A9C2-B5F0-4AF3-8072-F6C62B433612}") = "TicketDB", "..\TicketDB\TicketDB.sqlproj", "{D125F5FF-875D-4846-96C9-DC7163AA0EDB}"
EndProject
Global
	GlobalSection(SolutionConfigurationPlatforms) = preSolution
		Debug|Any CPU = Debug|Any CPU
		Release|Any CPU = Release|Any CPU
	EndGlobalSection
	GlobalSection(ProjectConfigurationPlatforms) = postSolution
		{9A730C03-80B6-4C09-B231-D16C7126819F}.Debug|Any CPU.ActiveCfg = Debug|Any CPU
		{9A730C03-80B6-4C09-B231-D16C7126819F}.Debug|Any CPU.Build.0 = Debug|Any CPU
		{9A730C03-80B6-4C09-B231-D16C7126819F}.Release|Any CPU.ActiveCfg = Release|Any CPU
		{9A730C03-80B6-4C09-B231-D16C7126819F}.Release|Any CPU.Build.0 = Release|Any CPU
		{A1E810A0-4076-433B-A80A-B3E1503858CF}.Debug|Any CPU.ActiveCfg = Debug|Any CPU
		{A1E810A0-4076-433B-A80A-B3E1503858CF}.Debug|Any CPU.Build.0 = Debug|Any CPU
		{A1E810A0-4076-433B-A80A-B3E1503858CF}.Release|Any CPU.ActiveCfg = Release|Any CPU
		{A1E810A0-4076-433B-A80A-B3E1503858CF}.Release|Any CPU.Build.0 = Release|Any CPU
		{7F7807A0-D01D-4B7B-8C2A-54572C35F023}.Debug|Any CPU.ActiveCfg = Debug|Any CPU
		{7F7807A0-D01D-4B7B-8C2A-54572C35F023}.Debug|Any CPU.Build.0 = Debug|Any CPU
		{7F7807A0-D01D-4B7B-8C2A-54572C35F023}.Debug|Any CPU.Deploy.0 = Debug|Any CPU
		{7F7807A0-D01D-4B7B-8C2A-54572C35F023}.Release|Any CPU.ActiveCfg = Release|Any CPU
		{7F7807A0-D01D-4B7B-8C2A-54572C35F023}.Release|Any CPU.Build.0 = Release|Any CPU
		{7F7807A0-D01D-4B7B-8C2A-54572C35F023}.Release|Any CPU.Deploy.0 = Release|Any CPU
		{D125F5FF-875D-4846-96C9-DC7163AA0EDB}.Debug|Any CPU.ActiveCfg = Debug|Any CPU
		{D125F5FF-875D-4846-96C9-DC7163AA0EDB}.Debug|Any CPU.Build.0 = Debug|Any CPU
		{D125F5FF-875D-4846-96C9-DC7163AA0EDB}.Debug|Any CPU.Deploy.0 = Debug|Any CPU
		{D125F5FF-875D-4846-96C9-DC7163AA0EDB}.Release|Any CPU.ActiveCfg = Release|Any CPU
		{D125F5FF-875D-4846-96C9-DC7163AA0EDB}.Release|Any CPU.Build.0 = Release|Any CPU
		{D125F5FF-875D-4846-96C9-DC7163AA0EDB}.Release|Any CPU.Deploy.0 = Release|Any CPU
	EndGlobalSection
	GlobalSection(SolutionProperties) = preSolution
		HideSolutionNode = FALSE
	EndGlobalSection
	GlobalSection(ExtensibilityGlobals) = postSolution
		SolutionGuid = {E8F8E944-1D66-4C6E-A5A1-6EBFB2873DCA}
	EndGlobalSection
EndGlobal
